<?xml version="1.0" encoding="utf-8"?>
<Project ToolsVersion="4.0" xmlns="http://schemas.microsoft.com/developer/msbuild/2003">
  <ItemGroup>
    <Filter Include="Source files">
      <UniqueIdentifier>{9d3a601a-9cb4-408f-b4bb-b07c1b5c7b85}</UniqueIdentifier>
      <Extensions>cpp;c;cc;cxx;def;odl;idl;hpj;bat;asm;asmx</Extensions>
    </Filter>
    <Filter Include="Header files">
      <UniqueIdentifier>{471b54ff-32df-4361-b914-745fcf01c135}</UniqueIdentifier>
      <Extensions>h;hpp;hxx;hm;inl;inc;xsd</Extensions>
    </Filter>
    <Filter Include="Resource files">
      <UniqueIdentifier>{4e7795cc-283e-46b2-85b0-6f2344dbfea6}</UniqueIdentifier>
      <Extensions>rc;ico;cur;bmp;dlg;rc2;rct;bin;rgs;gif;jpg;jpeg;jpe;resx;tiff;tif;png;wav</Extensions>
    </Filter>
    <Filter Include="Source files\Startup">
      <UniqueIdentifier>{029ef286-dc72-4986-91e6-3ffeaa308810}</UniqueIdentifier>
    </Filter>
    <Filter Include="Source files\STM32Cube HAL">
      <UniqueIdentifier>{44a95ad8-2e58-4801-9d2f-2d2c657a1187}</UniqueIdentifier>
    </Filter>
    <Filter Include="Source files\STM32Cube HAL\COMMON">
      <UniqueIdentifier>{9e1c1bb3-e292-47df-a477-f2766800f37c}</UniqueIdentifier>
    </Filter>
    <Filter Include="Source files\STM32Cube HAL\ADC">
      <UniqueIdentifier>{4f7fd346-28f3-4b84-80af-d3c852618221}</UniqueIdentifier>
    </Filter>
    <Filter Include="Source files\STM32Cube HAL\FREERTOS">
      <UniqueIdentifier>{ef28adfe-6c75-4200-945d-69775c307e49}</UniqueIdentifier>
    </Filter>
    <Filter Include="Source files\STM32Cube HAL\RCC">
      <UniqueIdentifier>{4b881d25-d5d0-4171-aa1e-2ac456960ac1}</UniqueIdentifier>
    </Filter>
    <Filter Include="Source files\STM32Cube HAL\CORTEX">
      <UniqueIdentifier>{8eff810c-0721-49cb-9c54-06d855c34997}</UniqueIdentifier>
    </Filter>
    <Filter Include="Source files\STM32Cube HAL\TIM">
      <UniqueIdentifier>{682ef4a3-1681-490a-9b6d-f632b3e8d480}</UniqueIdentifier>
    </Filter>
    <Filter Include="Source files\STM32Cube HAL\UART">
      <UniqueIdentifier>{eda42730-1017-4d8d-b5d2-61eb687f4b73}</UniqueIdentifier>
    </Filter>
    <Filter Include="Source files\STM32Cube HAL\DMA">
      <UniqueIdentifier>{6e86d5b6-a421-483b-a259-2bd0110be8c4}</UniqueIdentifier>
    </Filter>
    <Filter Include="Source files\STM32Cube HAL\PWR">
      <UniqueIdentifier>{7cdc4bc6-3953-4f2a-8e72-142b2bda6dbe}</UniqueIdentifier>
    </Filter>
    <Filter Include="Source files\STM32Cube HAL\FLASH">
      <UniqueIdentifier>{357a78b3-410c-4dfb-8534-133ce609e137}</UniqueIdentifier>
    </Filter>
    <Filter Include="Source files\STM32Cube HAL\GPIO">
      <UniqueIdentifier>{f68849dc-9c5c-4548-8b25-aec507d0a215}</UniqueIdentifier>
    </Filter>
    <Filter Include="Source files\Device-specific files">
      <UniqueIdentifier>{5b500052-8b9d-470c-8af2-67146eb6a378}</UniqueIdentifier>
    </Filter>
    <Filter Include="Header files\Startup">
      <UniqueIdentifier>{3cc11014-081e-463e-91aa-5445561869fc}</UniqueIdentifier>
    </Filter>
    <Filter Include="Header files\STM32Cube HAL">
      <UniqueIdentifier>{31274c11-87fd-4242-832b-0ef97fde8433}</UniqueIdentifier>
    </Filter>
    <Filter Include="Header files\STM32Cube HAL\COMMON">
      <UniqueIdentifier>{07080633-90a2-4051-8ffc-00d2c1c7a194}</UniqueIdentifier>
    </Filter>
    <Filter Include="Header files\STM32Cube HAL\ADC">
      <UniqueIdentifier>{b645feab-1556-4e1e-96e7-11d4177e4bcf}</UniqueIdentifier>
    </Filter>
    <Filter Include="Header files\STM32Cube HAL\FREERTOS">
      <UniqueIdentifier>{84b38995-c716-4242-806d-504580162f2a}</UniqueIdentifier>
    </Filter>
    <Filter Include="Header files\STM32Cube HAL\RCC">
      <UniqueIdentifier>{3edc785d-be8a-4f9b-8065-82d7e51a2331}</UniqueIdentifier>
    </Filter>
    <Filter Include="Header files\STM32Cube HAL\CORTEX">
      <UniqueIdentifier>{67af12b9-31bf-47ca-9d0a-c0c560ea171a}</UniqueIdentifier>
    </Filter>
    <Filter Include="Header files\STM32Cube HAL\TIM">
      <UniqueIdentifier>{3c243f02-9056-4a34-9882-6b037d0cd429}</UniqueIdentifier>
    </Filter>
    <Filter Include="Header files\STM32Cube HAL\UART">
      <UniqueIdentifier>{59c40cfd-1a66-4670-9454-c48fdef94875}</UniqueIdentifier>
    </Filter>
    <Filter Include="Header files\STM32Cube HAL\DMA">
      <UniqueIdentifier>{52264609-2286-42c1-8bf4-54d50a115a3f}</UniqueIdentifier>
    </Filter>
    <Filter Include="Header files\STM32Cube HAL\PWR">
      <UniqueIdentifier>{f9bc2f97-4836-4f76-bb6b-d7896e597f60}</UniqueIdentifier>
    </Filter>
    <Filter Include="Header files\STM32Cube HAL\FLASH">
      <UniqueIdentifier>{75c14ccd-fa9e-4be8-975c-b50ec6258843}</UniqueIdentifier>
    </Filter>
    <Filter Include="Header files\STM32Cube HAL\GPIO">
      <UniqueIdentifier>{910b9c71-0a75-43a8-a33d-6fe244abdc0a}</UniqueIdentifier>
    </Filter>
    <Filter Include="Header files\Device-specific files">
      <UniqueIdentifier>{1febbc1a-90f5-48f7-a84d-b30ecbc37fc8}</UniqueIdentifier>
    </Filter>
    <Filter Include="Make files">
      <UniqueIdentifier>{0c504dc0-e8bb-4040-99a7-991efe4ab354}</UniqueIdentifier>
    </Filter>
    <Filter Include="VisualGDB settings">
      <UniqueIdentifier>{c56ee1a0-c657-4f61-aadb-132c2f2c2722}</UniqueIdentifier>
    </Filter>
  </ItemGroup>
  <ItemGroup>
    <None Include="Makefile" />
  </ItemGroup>
  <ItemGroup>
    <ClCompile Include="..\..\Src\gpio.c">
      <Filter>Source files</Filter>
    </ClCompile>
    <ClCompile Include="..\..\Src\adc.c">
      <Filter>Source files</Filter>
    </ClCompile>
    <ClCompile Include="..\..\Src\freertos.c">
      <Filter>Source files</Filter>
    </ClCompile>
    <ClCompile Include="..\..\Src\tim.c">
      <Filter>Source files</Filter>
    </ClCompile>
    <ClCompile Include="..\..\Src\usart.c">
      <Filter>Source files</Filter>
    </ClCompile>
    <ClCompile Include="..\..\Src\stm32f1xx_it.c">
      <Filter>Source files</Filter>
    </ClCompile>
    <ClCompile Include="..\..\Src\stm32f1xx_hal_msp.c">
      <Filter>Source files</Filter>
    </ClCompile>
    <ClCompile Include="..\..\Src\main.c">
      <Filter>Source files</Filter>
    </ClCompile>
    <ClCompile Include="..\..\Drivers\CMSIS\Device\ST\STM32F1xx\Source\Templates\system_stm32f1xx.c">
      <Filter>Source files\Startup</Filter>
    </ClCompile>
    <ClCompile Include="..\..\Drivers\STM32F1xx_HAL_Driver\Src\stm32f1xx_hal.c">
      <Filter>Source files\STM32Cube HAL\COMMON</Filter>
    </ClCompile>
    <ClCompile Include="..\..\Drivers\STM32F1xx_HAL_Driver\Src\stm32f1xx_hal_adc.c">
      <Filter>Source files\STM32Cube HAL\ADC</Filter>
    </ClCompile>
    <ClCompile Include="..\..\Drivers\STM32F1xx_HAL_Driver\Src\stm32f1xx_hal_adc_ex.c">
      <Filter>Source files\STM32Cube HAL\ADC</Filter>
    </ClCompile>
    <ClCompile Include="..\..\Middlewares\Third_Party\FreeRTOS\Source\croutine.c">
      <Filter>Source files\STM32Cube HAL\FREERTOS</Filter>
    </ClCompile>
    <ClCompile Include="..\..\Middlewares\Third_Party\FreeRTOS\Source\event_groups.c">
      <Filter>Source files\STM32Cube HAL\FREERTOS</Filter>
    </ClCompile>
    <ClCompile Include="..\..\Middlewares\Third_Party\FreeRTOS\Source\list.c">
      <Filter>Source files\STM32Cube HAL\FREERTOS</Filter>
    </ClCompile>
    <ClCompile Include="..\..\Middlewares\Third_Party\FreeRTOS\Source\queue.c">
      <Filter>Source files\STM32Cube HAL\FREERTOS</Filter>
    </ClCompile>
    <ClCompile Include="..\..\Middlewares\Third_Party\FreeRTOS\Source\tasks.c">
      <Filter>Source files\STM32Cube HAL\FREERTOS</Filter>
    </ClCompile>
    <ClCompile Include="..\..\Middlewares\Third_Party\FreeRTOS\Source\timers.c">
      <Filter>Source files\STM32Cube HAL\FREERTOS</Filter>
    </ClCompile>
    <ClCompile Include="..\..\Middlewares\Third_Party\FreeRTOS\Source\CMSIS_RTOS\cmsis_os.c">
      <Filter>Source files\STM32Cube HAL\FREERTOS</Filter>
    </ClCompile>
    <ClCompile Include="..\..\Middlewares\Third_Party\FreeRTOS\Source\portable\MemMang\heap_4.c">
      <Filter>Source files\STM32Cube HAL\FREERTOS</Filter>
    </ClCompile>
    <ClCompile Include="..\..\Middlewares\Third_Party\FreeRTOS\Source\portable\GCC\ARM_CM3\port.c">
      <Filter>Source files\STM32Cube HAL\FREERTOS</Filter>
    </ClCompile>
    <ClCompile Include="..\..\Drivers\STM32F1xx_HAL_Driver\Src\stm32f1xx_hal_rcc.c">
      <Filter>Source files\STM32Cube HAL\RCC</Filter>
    </ClCompile>
    <ClCompile Include="..\..\Drivers\STM32F1xx_HAL_Driver\Src\stm32f1xx_hal_rcc_ex.c">
      <Filter>Source files\STM32Cube HAL\RCC</Filter>
    </ClCompile>
    <ClCompile Include="..\..\Drivers\STM32F1xx_HAL_Driver\Src\stm32f1xx_hal_cortex.c">
      <Filter>Source files\STM32Cube HAL\CORTEX</Filter>
    </ClCompile>
    <ClCompile Include="..\..\Drivers\STM32F1xx_HAL_Driver\Src\stm32f1xx_hal_tim.c">
      <Filter>Source files\STM32Cube HAL\TIM</Filter>
    </ClCompile>
    <ClCompile Include="..\..\Drivers\STM32F1xx_HAL_Driver\Src\stm32f1xx_hal_tim_ex.c">
      <Filter>Source files\STM32Cube HAL\TIM</Filter>
    </ClCompile>
    <ClCompile Include="..\..\Drivers\STM32F1xx_HAL_Driver\Src\stm32f1xx_hal_uart.c">
      <Filter>Source files\STM32Cube HAL\UART</Filter>
    </ClCompile>
    <ClCompile Include="..\..\Drivers\STM32F1xx_HAL_Driver\Src\stm32f1xx_hal_dma.c">
      <Filter>Source files\STM32Cube HAL\DMA</Filter>
    </ClCompile>
    <ClCompile Include="..\..\Drivers\STM32F1xx_HAL_Driver\Src\stm32f1xx_hal_pwr.c">
      <Filter>Source files\STM32Cube HAL\PWR</Filter>
    </ClCompile>
    <ClCompile Include="..\..\Drivers\STM32F1xx_HAL_Driver\Src\stm32f1xx_hal_flash.c">
      <Filter>Source files\STM32Cube HAL\FLASH</Filter>
    </ClCompile>
    <ClCompile Include="..\..\Drivers\STM32F1xx_HAL_Driver\Src\stm32f1xx_hal_flash_ex.c">
      <Filter>Source files\STM32Cube HAL\FLASH</Filter>
    </ClCompile>
    <ClCompile Include="..\..\Drivers\STM32F1xx_HAL_Driver\Src\stm32f1xx_hal_gpio.c">
      <Filter>Source files\STM32Cube HAL\GPIO</Filter>
    </ClCompile>
    <None Include="stm32.mak">
      <Filter>Source files\Device-specific files</Filter>
    </None>
    <ClCompile Include="$(BSP_ROOT)\STM32F1xxxx\StartupFiles\startup_stm32f103xb.c">
      <Filter>Source files\Device-specific files</Filter>
    </ClCompile>
    <ClInclude Include="..\..\Inc\gpio.h">
      <Filter>Header files</Filter>
    </ClInclude>
    <ClInclude Include="..\..\Inc\adc.h">
      <Filter>Header files</Filter>
    </ClInclude>
    <ClInclude Include="..\..\Inc\FreeRTOSConfig.h">
      <Filter>Header files</Filter>
    </ClInclude>
    <ClInclude Include="..\..\Inc\tim.h">
      <Filter>Header files</Filter>
    </ClInclude>
    <ClInclude Include="..\..\Inc\usart.h">
      <Filter>Header files</Filter>
    </ClInclude>
    <ClInclude Include="..\..\Inc\stm32f1xx_it.h">
      <Filter>Header files</Filter>
    </ClInclude>
    <ClInclude Include="..\..\Inc\stm32f1xx_hal_conf.h">
      <Filter>Header files</Filter>
    </ClInclude>
    <ClInclude Include="..\..\Inc\main.h">
      <Filter>Header files</Filter>
    </ClInclude>
    <ClInclude Include="..\..\Drivers\CMSIS\Device\ST\STM32F1xx\Include\stm32f1xx.h">
      <Filter>Header files\Startup</Filter>
    </ClInclude>
    <ClInclude Include="..\..\Drivers\CMSIS\Device\ST\STM32F1xx\Include\system_stm32f1xx.h">
      <Filter>Header files\Startup</Filter>
    </ClInclude>
    <ClInclude Include="..\..\Drivers\STM32F1xx_HAL_Driver\Inc\stm32f1xx_hal.h">
      <Filter>Header files\STM32Cube HAL\COMMON</Filter>
    </ClInclude>
    <ClInclude Include="..\..\Drivers\STM32F1xx_HAL_Driver\Inc\Legacy\stm32_hal_legacy.h">
      <Filter>Header files\STM32Cube HAL\COMMON</Filter>
    </ClInclude>
    <ClInclude Include="..\..\Drivers\STM32F1xx_HAL_Driver\Inc\stm32f1xx_hal_def.h">
      <Filter>Header files\STM32Cube HAL\COMMON</Filter>
    </ClInclude>
    <ClInclude Include="..\..\Drivers\STM32F1xx_HAL_Driver\Inc\stm32f1xx_hal_adc.h">
      <Filter>Header files\STM32Cube HAL\ADC</Filter>
    </ClInclude>
    <ClInclude Include="..\..\Drivers\STM32F1xx_HAL_Driver\Inc\stm32f1xx_hal_adc_ex.h">
      <Filter>Header files\STM32Cube HAL\ADC</Filter>
    </ClInclude>
    <ClInclude Include="..\..\Middlewares\Third_Party\FreeRTOS\Source\include\croutine.h">
      <Filter>Header files\STM32Cube HAL\FREERTOS</Filter>
    </ClInclude>
    <ClInclude Include="..\..\Middlewares\Third_Party\FreeRTOS\Source\include\deprecated_definitions.h">
      <Filter>Header files\STM32Cube HAL\FREERTOS</Filter>
    </ClInclude>
    <ClInclude Include="..\..\Middlewares\Third_Party\FreeRTOS\Source\include\event_groups.h">
      <Filter>Header files\STM32Cube HAL\FREERTOS</Filter>
    </ClInclude>
    <ClInclude Include="..\..\Middlewares\Third_Party\FreeRTOS\Source\include\FreeRTOS.h">
      <Filter>Header files\STM32Cube HAL\FREERTOS</Filter>
    </ClInclude>
    <ClInclude Include="..\..\Middlewares\Third_Party\FreeRTOS\Source\include\list.h">
      <Filter>Header files\STM32Cube HAL\FREERTOS</Filter>
    </ClInclude>
    <ClInclude Include="..\..\Middlewares\Third_Party\FreeRTOS\Source\include\mpu_prototypes.h">
      <Filter>Header files\STM32Cube HAL\FREERTOS</Filter>
    </ClInclude>
    <ClInclude Include="..\..\Middlewares\Third_Party\FreeRTOS\Source\include\mpu_wrappers.h">
      <Filter>Header files\STM32Cube HAL\FREERTOS</Filter>
    </ClInclude>
    <ClInclude Include="..\..\Middlewares\Third_Party\FreeRTOS\Source\include\portable.h">
      <Filter>Header files\STM32Cube HAL\FREERTOS</Filter>
    </ClInclude>
    <ClInclude Include="..\..\Middlewares\Third_Party\FreeRTOS\Source\include\projdefs.h">
      <Filter>Header files\STM32Cube HAL\FREERTOS</Filter>
    </ClInclude>
    <ClInclude Include="..\..\Middlewares\Third_Party\FreeRTOS\Source\include\queue.h">
      <Filter>Header files\STM32Cube HAL\FREERTOS</Filter>
    </ClInclude>
    <ClInclude Include="..\..\Middlewares\Third_Party\FreeRTOS\Source\include\semphr.h">
      <Filter>Header files\STM32Cube HAL\FREERTOS</Filter>
    </ClInclude>
    <ClInclude Include="..\..\Middlewares\Third_Party\FreeRTOS\Source\include\StackMacros.h">
      <Filter>Header files\STM32Cube HAL\FREERTOS</Filter>
    </ClInclude>
    <ClInclude Include="..\..\Middlewares\Third_Party\FreeRTOS\Source\include\task.h">
      <Filter>Header files\STM32Cube HAL\FREERTOS</Filter>
    </ClInclude>
    <ClInclude Include="..\..\Middlewares\Third_Party\FreeRTOS\Source\include\timers.h">
      <Filter>Header files\STM32Cube HAL\FREERTOS</Filter>
    </ClInclude>
    <ClInclude Include="..\..\Middlewares\Third_Party\FreeRTOS\Source\CMSIS_RTOS\cmsis_os.h">
      <Filter>Header files\STM32Cube HAL\FREERTOS</Filter>
    </ClInclude>
    <ClInclude Include="..\..\Middlewares\Third_Party\FreeRTOS\Source\portable\GCC\ARM_CM3\portmacro.h">
      <Filter>Header files\STM32Cube HAL\FREERTOS</Filter>
    </ClInclude>
    <ClInclude Include="..\..\Drivers\STM32F1xx_HAL_Driver\Inc\stm32f1xx_hal_rcc.h">
      <Filter>Header files\STM32Cube HAL\RCC</Filter>
    </ClInclude>
    <ClInclude Include="..\..\Drivers\STM32F1xx_HAL_Driver\Inc\stm32f1xx_hal_rcc_ex.h">
      <Filter>Header files\STM32Cube HAL\RCC</Filter>
    </ClInclude>
    <ClInclude Include="..\..\Drivers\STM32F1xx_HAL_Driver\Inc\stm32f1xx_hal_cortex.h">
      <Filter>Header files\STM32Cube HAL\CORTEX</Filter>
    </ClInclude>
    <ClInclude Include="..\..\Drivers\STM32F1xx_HAL_Driver\Inc\stm32f1xx_hal_tim.h">
      <Filter>Header files\STM32Cube HAL\TIM</Filter>
    </ClInclude>
    <ClInclude Include="..\..\Drivers\STM32F1xx_HAL_Driver\Inc\stm32f1xx_hal_tim_ex.h">
      <Filter>Header files\STM32Cube HAL\TIM</Filter>
    </ClInclude>
    <ClInclude Include="..\..\Drivers\STM32F1xx_HAL_Driver\Inc\stm32f1xx_hal_uart.h">
      <Filter>Header files\STM32Cube HAL\UART</Filter>
    </ClInclude>
    <ClInclude Include="..\..\Drivers\STM32F1xx_HAL_Driver\Inc\stm32f1xx_hal_dma_ex.h">
      <Filter>Header files\STM32Cube HAL\DMA</Filter>
    </ClInclude>
    <ClInclude Include="..\..\Drivers\STM32F1xx_HAL_Driver\Inc\stm32f1xx_hal_dma.h">
      <Filter>Header files\STM32Cube HAL\DMA</Filter>
    </ClInclude>
    <ClInclude Include="..\..\Drivers\STM32F1xx_HAL_Driver\Inc\stm32f1xx_hal_pwr.h">
      <Filter>Header files\STM32Cube HAL\PWR</Filter>
    </ClInclude>
    <ClInclude Include="..\..\Drivers\STM32F1xx_HAL_Driver\Inc\stm32f1xx_hal_flash.h">
      <Filter>Header files\STM32Cube HAL\FLASH</Filter>
    </ClInclude>
    <ClInclude Include="..\..\Drivers\STM32F1xx_HAL_Driver\Inc\stm32f1xx_hal_flash_ex.h">
      <Filter>Header files\STM32Cube HAL\FLASH</Filter>
    </ClInclude>
    <ClInclude Include="..\..\Drivers\STM32F1xx_HAL_Driver\Inc\stm32f1xx_hal_gpio.h">
      <Filter>Header files\STM32Cube HAL\GPIO</Filter>
    </ClInclude>
    <ClInclude Include="..\..\Drivers\STM32F1xx_HAL_Driver\Inc\stm32f1xx_hal_gpio_ex.h">
      <Filter>Header files\STM32Cube HAL\GPIO</Filter>
    </ClInclude>
    <ClCompile Include="..\..\Drivers\STM32F1xx_HAL_Driver\Src\stm32f1xx_hal_gpio_ex.c">
      <Filter>Header files\STM32Cube HAL\GPIO</Filter>
    </ClCompile>
    <None Include="debug.mak">
      <Filter>Make files</Filter>
    </None>
    <None Include="release.mak">
      <Filter>Make files</Filter>
    </None>
    <None Include="HeightWeight-Debug.vgdbsettings">
      <Filter>VisualGDB settings</Filter>
    </None>
    <None Include="HeightWeight-Release.vgdbsettings">
      <Filter>VisualGDB settings</Filter>
    </None>
    <None Include="stm32.xml">
      <Filter>VisualGDB settings</Filter>
    </None>
  </ItemGroup>
</Project>